# THIS IS AN AUTOGENERATED FILE. DO NOT EDIT THIS FILE DIRECTLY.
# yarn lockfile v1


"@next/env@12.3.2-canary.7":
  version "12.3.2-canary.7"
  resolved "https://registry.yarnpkg.com/@next/env/-/env-12.3.2-canary.7.tgz#98cf3ed5e7d6af93965c708799ac02cb46ca3831"
  integrity sha512-uk5yDvh8ra8PlIczZBTZKyt5Rf6a6mH2tGB3hwRAXD5hVLd74LzBQza2aYMEcDlRafAknsbL0dnqI3CkFYat9w==

"@next/swc-android-arm-eabi@12.3.2-canary.7":
  version "12.3.2-canary.7"
  resolved "https://registry.yarnpkg.com/@next/swc-android-arm-eabi/-/swc-android-arm-eabi-12.3.2-canary.7.tgz#21811767685d8a58756bbfff23a4e61c8da65a15"
  integrity sha512-pusM/ylasGBweiwhINtqWCgy5bOjLmIctFD0etpmh9+DqCg09yu58hJ1Dn/UTW8EbB1nkTP1z3dEoMKLh4fV2A==

"@next/swc-android-arm64@12.3.2-canary.7":
  version "12.3.2-canary.7"
  resolved "https://registry.yarnpkg.com/@next/swc-android-arm64/-/swc-android-arm64-12.3.2-canary.7.tgz#278e709c31ac5aceebd5e7f66efb81dae40ccab6"
  integrity sha512-x11T0ocPE9xrnqMeDzUMepN3P8CHIN8iiLgiFkbTbKTbSciuH3juOvKggJO9APZRG5Ch5eePWcCy2gHedAbhnA==

"@next/swc-darwin-arm64@12.3.2-canary.7":
  version "12.3.2-canary.7"
  resolved "https://registry.yarnpkg.com/@next/swc-darwin-arm64/-/swc-darwin-arm64-12.3.2-canary.7.tgz#7858ecf88a4e252ef6b66c59e38449a79647e362"
  integrity sha512-tcO9hDaMfcbiaZp1B+HZcLzGGs36dnmjQ0YXyn6C88HEUoKyxanYleVHtTmWHlgsxxjZdDd/RzOze1ycWs2oXw==

"@next/swc-darwin-x64@12.3.2-canary.7":
  version "12.3.2-canary.7"
  resolved "https://registry.yarnpkg.com/@next/swc-darwin-x64/-/swc-darwin-x64-12.3.2-canary.7.tgz#9225324b6de548ce7fd21c31d4725910c5b7d136"
  integrity sha512-WjAyU67zj69nRM2GNAnBLvghq4EHTyDzMO02GjG6yexVhDvkE0OFlvh0BQLI3DIOz+B3RjJRcW3OoHi8XzW9UA==

"@next/swc-freebsd-x64@12.3.2-canary.7":
  version "12.3.2-canary.7"
  resolved "https://registry.yarnpkg.com/@next/swc-freebsd-x64/-/swc-freebsd-x64-12.3.2-canary.7.tgz#cf3374f2c3ddf370ed27cac84258760b282b6981"
  integrity sha512-cQrdPCMhP1Mc+pIt16FlC5BVgcXzLXRlm7qZ7wBRKG6r/IIIn/qNRFgQQcB3iyvfNZo7lURLKcfsxNmMGclldQ==

"@next/swc-linux-arm-gnueabihf@12.3.2-canary.7":
  version "12.3.2-canary.7"
  resolved "https://registry.yarnpkg.com/@next/swc-linux-arm-gnueabihf/-/swc-linux-arm-gnueabihf-12.3.2-canary.7.tgz#b8e82ec743ceadfce25b7e74dfb447913b603c44"
  integrity sha512-LEL+dUe10FhQHyXq9Mul5pOJwKDtrAylh9chktWf8eFr14j/YrfPbkLHv1+tCK8brDV3afVJMl0IpoCo75Yfyg==

"@next/swc-linux-arm64-gnu@12.3.2-canary.7":
  version "12.3.2-canary.7"
  resolved "https://registry.yarnpkg.com/@next/swc-linux-arm64-gnu/-/swc-linux-arm64-gnu-12.3.2-canary.7.tgz#1711f46f004553f3c8ab7546b49e65f88abbbfd6"
  integrity sha512-mbDqHk3C76UGIzkOv+G5NslKiSYIXyWQwbkuty0+0wLVJttWjWi2dMN7DFJQPMNvBefU9/vxVJdUnGVGEZfUXw==

"@next/swc-linux-arm64-musl@12.3.2-canary.7":
  version "12.3.2-canary.7"
  resolved "https://registry.yarnpkg.com/@next/swc-linux-arm64-musl/-/swc-linux-arm64-musl-12.3.2-canary.7.tgz#e20b71ce215280bc2cadcf94f9755fdf3ffc0b24"
  integrity sha512-gJ3VQHuqb3ABiOKPxfWAJQdO4mp3yNnWIAPN8n52F7Zu38udbHXvcbIylWfQW/Qah+RRf7P7y2txH2kC07QOPA==

"@next/swc-linux-x64-gnu@12.3.2-canary.7":
  version "12.3.2-canary.7"
  resolved "https://registry.yarnpkg.com/@next/swc-linux-x64-gnu/-/swc-linux-x64-gnu-12.3.2-canary.7.tgz#176cf50080f121537877dbdfb7d667be19333a8c"
  integrity sha512-/PBLiC+JfMJIzwMCQaSQgnLoIOjdSjTA9zarj2Kk1eCLjH8/VnsfBWtmP7TdbgIRYnZ8QKb4HXSOq94ZQS/fkw==

"@next/swc-linux-x64-musl@12.3.2-canary.7":
  version "12.3.2-canary.7"
  resolved "https://registry.yarnpkg.com/@next/swc-linux-x64-musl/-/swc-linux-x64-musl-12.3.2-canary.7.tgz#96b858043d76b87f90b7da43afe13c5942dbceea"
  integrity sha512-Bf3goHoUd0SB58sVTMva0ByoLM+aEhm5YJRqsi7SsOAu9EAQwYfWgY2Hx60ah5i1N4ihYK0xjs8kwlfdDVOuow==

"@next/swc-win32-arm64-msvc@12.3.2-canary.7":
  version "12.3.2-canary.7"
  resolved "https://registry.yarnpkg.com/@next/swc-win32-arm64-msvc/-/swc-win32-arm64-msvc-12.3.2-canary.7.tgz#dd1a36d4afbecc623e71426897cea683a3a75666"
  integrity sha512-aPRQ4dY5MuLgHCVdY+/Grgg4oX38pG4S0sT8mpatK3oIdjhj3961cj33QpPAy6dhhCs8m0/eCWYmM9KKlAAUsg==

"@next/swc-win32-ia32-msvc@12.3.2-canary.7":
  version "12.3.2-canary.7"
  resolved "https://registry.yarnpkg.com/@next/swc-win32-ia32-msvc/-/swc-win32-ia32-msvc-12.3.2-canary.7.tgz#a7455ea57f88345a92c0067e82aa1b7aa5728088"
  integrity sha512-hr+TBDICVezyn0HDK4QootalbcuLj9F8qUzZZAw3gHz16rUDpqpnlRjw3RC99AzkKL7qMsdR/+SwnBlBY7ZK7Q==

"@next/swc-win32-x64-msvc@12.3.2-canary.7":
  version "12.3.2-canary.7"
  resolved "https://registry.yarnpkg.com/@next/swc-win32-x64-msvc/-/swc-win32-x64-msvc-12.3.2-canary.7.tgz#4e0d6d567c254e2cf00738f876ddafe5b611ee03"
  integrity sha512-1n29b6meb54h/Mw/1xPoJB682nWbtEsUQo7rFJ6G44Nj3fYFXe+XOWQxWu6Sl8yvdBXcZRhRCHuAZGqYtmqorQ==

"@swc/helpers@0.4.11":
  version "0.4.11"
  resolved "https://registry.yarnpkg.com/@swc/helpers/-/helpers-0.4.11.tgz#db23a376761b3d31c26502122f349a21b592c8de"
  integrity sha512-rEUrBSGIoSFuYxwBYtlUFMlE2CwGhmW+w9355/5oduSw8e5h2+Tj4UrAGNNgP9915++wj5vkQo0UuOBqOAq4nw==
  dependencies:
    tslib "^2.4.0"

"@types/node@^18.0.0":
  version "18.7.18"
  resolved "https://registry.yarnpkg.com/@types/node/-/node-18.7.18.tgz#633184f55c322e4fb08612307c274ee6d5ed3154"
  integrity sha512-m+6nTEOadJZuTPkKR/SYK3A2d7FZrgElol9UP1Kae90VVU4a6mxnPuLiIW1m4Cq4gZ/nWb9GrdVXJCoCazDAbg==

"@types/prop-types@*":
  version "15.7.5"
  resolved "https://registry.yarnpkg.com/@types/prop-types/-/prop-types-15.7.5.tgz#5f19d2b85a98e9558036f6a3cacc8819420f05cf"
  integrity sha512-JCB8C6SnDoQf0cNycqd/35A7MjcnK+ZTqE7judS6o7utxUCg6imJg3QK2qzHKszlTjcj2cn+NwMB2i96ubpj7w==

"@types/react@^18.0.14":
  version "18.0.21"
  resolved "https://registry.yarnpkg.com/@types/react/-/react-18.0.21.tgz#b8209e9626bb00a34c76f55482697edd2b43cc67"
  integrity sha512-7QUCOxvFgnD5Jk8ZKlUAhVcRj7GuJRjnjjiY/IUBWKgOlnvDvTMLD4RTF7NPyVmbRhNrbomZiOepg7M/2Kj1mA==
  dependencies:
    "@types/prop-types" "*"
    "@types/scheduler" "*"
    csstype "^3.0.2"

"@types/scheduler@*":
  version "0.16.2"
  resolved "https://registry.yarnpkg.com/@types/scheduler/-/scheduler-0.16.2.tgz#1a62f89525723dde24ba1b01b092bf5df8ad4d39"
  integrity sha512-hppQEBDmlwhFAXKJX2KnWLYu5yMfi91yazPb2l+lbJiwW+wdo1gNeRA+3RgNSO39WYX2euey41KEwnqesU2Jew==

caniuse-lite@^1.0.30001406:
  version "1.0.30001410"
  resolved "https://registry.yarnpkg.com/caniuse-lite/-/caniuse-lite-1.0.30001410.tgz#b5a86366fbbf439d75dd3db1d21137a73e829f44"
  integrity sha512-QoblBnuE+rG0lc3Ur9ltP5q47lbguipa/ncNMyyGuqPk44FxbScWAeEO+k5fSQ8WekdAK4mWqNs1rADDAiN5xQ==

csstype@^3.0.2:
  version "3.1.1"
  resolved "https://registry.yarnpkg.com/csstype/-/csstype-3.1.1.tgz#841b532c45c758ee546a11d5bd7b7b473c8c30b9"
  integrity sha512-DJR/VvkAvSZW9bTouZue2sSxDwdTN92uHjqeKVm+0dAqdfNykRzQ95tay8aXMBAAPpUiq4Qcug2L7neoRh2Egw==

"js-tokens@^3.0.0 || ^4.0.0":
  version "4.0.0"
  resolved "https://registry.yarnpkg.com/js-tokens/-/js-tokens-4.0.0.tgz#19203fb59991df98e3a287050d4647cdeaf32499"
  integrity sha512-RdJUflcE3cUzKiMqQgsCu06FPu9UdIJO0beYbPhHN4k6apgJtifcoCtT9bcxOpYBtpD2kCM6Sbzg4CausW/PKQ==

loose-envify@^1.1.0:
  version "1.4.0"
  resolved "https://registry.yarnpkg.com/loose-envify/-/loose-envify-1.4.0.tgz#71ee51fa7be4caec1a63839f7e682d8132d30caf"
  integrity sha512-lyuxPGr/Wfhrlem2CL/UcnUc1zcqKAImBDzukY7Y5F/yQiNdko6+fRLevlw1HgMySw7f611UIY408EtxRSoK3Q==
  dependencies:
    js-tokens "^3.0.0 || ^4.0.0"

nanoid@^3.3.4:
  version "3.3.4"
  resolved "https://registry.yarnpkg.com/nanoid/-/nanoid-3.3.4.tgz#730b67e3cd09e2deacf03c027c81c9d9dbc5e8ab"
  integrity sha512-MqBkQh/OHTS2egovRtLk45wEyNXwF+cokD+1YPf9u5VfJiRdAiRwB2froX5Co9Rh20xs4siNPm8naNotSD6RBw==

next@canary:
  version "12.3.2-canary.7"
  resolved "https://registry.yarnpkg.com/next/-/next-12.3.2-canary.7.tgz#c739348174a3d7d97a638aa409376a96577a31d8"
  integrity sha512-zUosveWzpeRVy7j4ANoJ4gu0TBrkLYwPlIUEXrqqs/zLpHMu+tanxA1R1ts2d7h/2dSmeVZgGcHiVcHj5uspEA==
  dependencies:
    "@next/env" "12.3.2-canary.7"
    "@swc/helpers" "0.4.11"
    caniuse-lite "^1.0.30001406"
    postcss "8.4.14"
    styled-jsx "5.0.7"
    use-sync-external-store "1.2.0"
  optionalDependencies:
    "@next/swc-android-arm-eabi" "12.3.2-canary.7"
    "@next/swc-android-arm64" "12.3.2-canary.7"
    "@next/swc-darwin-arm64" "12.3.2-canary.7"
    "@next/swc-darwin-x64" "12.3.2-canary.7"
    "@next/swc-freebsd-x64" "12.3.2-canary.7"
    "@next/swc-linux-arm-gnueabihf" "12.3.2-canary.7"
    "@next/swc-linux-arm64-gnu" "12.3.2-canary.7"
    "@next/swc-linux-arm64-musl" "12.3.2-canary.7"
    "@next/swc-linux-x64-gnu" "12.3.2-canary.7"
    "@next/swc-linux-x64-musl" "12.3.2-canary.7"
    "@next/swc-win32-arm64-msvc" "12.3.2-canary.7"
    "@next/swc-win32-ia32-msvc" "12.3.2-canary.7"
    "@next/swc-win32-x64-msvc" "12.3.2-canary.7"

picocolors@^1.0.0:
  version "1.0.0"
  resolved "https://registry.yarnpkg.com/picocolors/-/picocolors-1.0.0.tgz#cb5bdc74ff3f51892236eaf79d68bc44564ab81c"
  integrity sha512-1fygroTLlHu66zi26VoTDv8yRgm0Fccecssto+MhsZ0D/DGW2sm8E8AjW7NU5VVTRt5GxbeZ5qBuJr+HyLYkjQ==

postcss@8.4.14:
  version "8.4.14"
  resolved "https://registry.yarnpkg.com/postcss/-/postcss-8.4.14.tgz#ee9274d5622b4858c1007a74d76e42e56fd21caf"
  integrity sha512-E398TUmfAYFPBSdzgeieK2Y1+1cpdxJx8yXbK/m57nRhKSmk1GB2tO4lbLBtlkfPQTDKfe4Xqv1ASWPpayPEig==
  dependencies:
    nanoid "^3.3.4"
    picocolors "^1.0.0"
    source-map-js "^1.0.2"

react-dom@^18.2.0:
  version "18.2.0"
  resolved "https://registry.yarnpkg.com/react-dom/-/react-dom-18.2.0.tgz#22aaf38708db2674ed9ada224ca4aa708d821e3d"
  integrity sha512-6IMTriUmvsjHUjNtEDudZfuDQUoWXVxKHhlEGSk81n4YFS+r/Kl99wXiwlVXtPBtJenozv2P+hxDsw9eA7Xo6g==
  dependencies:
    loose-envify "^1.1.0"
    scheduler "^0.23.0"

react@^18.2.0:
  version "18.2.0"
  resolved "https://registry.yarnpkg.com/react/-/react-18.2.0.tgz#555bd98592883255fa00de14f1151a917b5d77d5"
  integrity sha512-/3IjMdb2L9QbBdWiW5e3P2/npwMBaU9mHCSCUzNln0ZCYbcfTsGbTJrU/kGemdH2IWmB2ioZ+zkxtmq6g09fGQ==
  dependencies:
    loose-envify "^1.1.0"

scheduler@^0.23.0:
  version "0.23.0"
  resolved "https://registry.yarnpkg.com/scheduler/-/scheduler-0.23.0.tgz#ba8041afc3d30eb206a487b6b384002e4e61fdfe"
  integrity sha512-CtuThmgHNg7zIZWAXi3AsyIzA3n4xx7aNyjwC2VJldO2LMVDhFK+63xGqq6CsJH4rTAt6/M+N4GhZiDYPx9eUw==
  dependencies:
    loose-envify "^1.1.0"

source-map-js@^1.0.2:
  version "1.0.2"
  resolved "https://registry.yarnpkg.com/source-map-js/-/source-map-js-1.0.2.tgz#adbc361d9c62df380125e7f161f71c826f1e490c"
  integrity sha512-R0XvVJ9WusLiqTCEiGCmICCMplcCkIwwR11mOSD9CR5u+IXYdiseeEuXCVAjS54zqwkLcPNnmU4OeJ6tUrWhDw==

styled-jsx@5.0.7:
  version "5.0.7"
  resolved "https://registry.yarnpkg.com/styled-jsx/-/styled-jsx-5.0.7.tgz#be44afc53771b983769ac654d355ca8d019dff48"
  integrity sha512-b3sUzamS086YLRuvnaDigdAewz1/EFYlHpYBP5mZovKEdQQOIIYq8lApylub3HHZ6xFjV051kkGU7cudJmrXEA==

tslib@^2.4.0:
  version "2.4.0"
  resolved "https://registry.yarnpkg.com/tslib/-/tslib-2.4.0.tgz#7cecaa7f073ce680a05847aa77be941098f36dc3"
  integrity sha512-d6xOpEDfsi2CZVlPQzGeux8XMwLT9hssAsaPYExaQMuYskwb+x1x7J371tWlbBdWHroy99KnVB6qIkUbs5X3UQ==

typescript@^4.7.4:
  version "4.8.3"
  resolved "https://registry.yarnpkg.com/typescript/-/typescript-4.8.3.tgz#d59344522c4bc464a65a730ac695007fdb66dd88"
  integrity sha512-goMHfm00nWPa8UvR/CPSvykqf6dVV8x/dp0c5mFTMTIu0u0FlGWRioyy7Nn0PGAdHxpJZnuO/ut+PpQ8UiHAig==

use-sync-external-store@1.2.0:
  version "1.2.0"
  resolved "https://registry.yarnpkg.com/use-sync-external-store/-/use-sync-external-store-1.2.0.tgz#7dbefd6ef3fe4e767a0cf5d7287aacfb5846928a"
  integrity sha512-eEgnFxGQ1Ife9bzYs6VLi8/4X6CObHMw9Qr9tPY43iKwsPw8xE8+EFsf/2cFZ5S3esXgpWgtSCtLNS41F+sKPA==
